
Microsoft Visual Studio Solution File, Format Version 12.00
# Visual Studio Version 17
VisualStudioVersion = 17.1.32328.378
MinimumVisualStudioVersion = 10.0.40219.1
Project("{9A19103F-16F7-4668-BE54-9A1E7A4F7556}") = "CustomersDetails", "CustomersDetails\CustomersDetails.csproj", "{387AF3EE-4ABC-4323-ABD4-1C566C7E1D02}"
EndProject
Project("{FAE04EC0-301F-11D3-BF4B-00C04F79EFBC}") = "Ocelot", "Ocelot\Ocelot.csproj", "{5D03EED1-13BC-44C1-B7FD-3E26531B26A7}"
EndProject
Global
	GlobalSection(SolutionConfigurationPlatforms) = preSolution
		Debug|Any CPU = Debug|Any CPU
		Release|Any CPU = Release|Any CPU
	EndGlobalSection
	GlobalSection(ProjectConfigurationPlatforms) = postSolution
		{387AF3EE-4ABC-4323-ABD4-1C566C7E1D02}.Debug|Any CPU.ActiveCfg = Debug|Any CPU
		{387AF3EE-4ABC-4323-ABD4-1C566C7E1D02}.Debug|Any CPU.Build.0 = Debug|Any CPU
		{387AF3EE-4ABC-4323-ABD4-1C566C7E1D02}.Release|Any CPU.ActiveCfg = Release|Any CPU
		{387AF3EE-4ABC-4323-ABD4-1C566C7E1D02}.Release|Any CPU.Build.0 = Release|Any CPU
		{5D03EED1-13BC-44C1-B7FD-3E26531B26A7}.Debug|Any CPU.ActiveCfg = Debug|Any CPU
		{5D03EED1-13BC-44C1-B7FD-3E26531B26A7}.Debug|Any CPU.Build.0 = Debug|Any CPU
		{5D03EED1-13BC-44C1-B7FD-3E26531B26A7}.Release|Any CPU.ActiveCfg = Release|Any CPU
		{5D03EED1-13BC-44C1-B7FD-3E26531B26A7}.Release|Any CPU.Build.0 = Release|Any CPU
	EndGlobalSection
	GlobalSection(SolutionProperties) = preSolution
		HideSolutionNode = FALSE
	EndGlobalSection
	GlobalSection(ExtensibilityGlobals) = postSolution
		SolutionGuid = {AD0B9ADB-A8E3-439E-853D-5D55A0107A92}
	EndGlobalSection
EndGlobal
